
Microsoft Visual Studio Solution File, Format Version 12.00
# Visual Studio Version 16
VisualStudioVersion = 16.0.30503.244
MinimumVisualStudioVersion = 10.0.40219.1
Project("{FAE04EC0-301F-11D3-BF4B-00C04F79EFBC}") = "WeatherApp", "WeatherApp\WeatherApp.csproj", "{E0556941-10E0-4BAA-95D3-77841A377B77}"
EndProject
Project("{FAE04EC0-301F-11D3-BF4B-00C04F79EFBC}") = "Models", "Models\Models.csproj", "{2E241EA0-A362-440E-B3EF-53A752276DA3}"
EndProject
Project("{FAE04EC0-301F-11D3-BF4B-00C04F79EFBC}") = "ApiConnector", "ApiConnector\ApiConnector.csproj", "{7B12A90C-F2C5-45B2-BA8B-B4C70F0F92BD}"
EndProject
Global
	GlobalSection(SolutionConfigurationPlatforms) = preSolution
		Debug|Any CPU = Debug|Any CPU
		Release|Any CPU = Release|Any CPU
	EndGlobalSection
	GlobalSection(ProjectConfigurationPlatforms) = postSolution
		{E0556941-10E0-4BAA-95D3-77841A377B77}.Debug|Any CPU.ActiveCfg = Debug|Any CPU
		{E0556941-10E0-4BAA-95D3-77841A377B77}.Debug|Any CPU.Build.0 = Debug|Any CPU
		{E0556941-10E0-4BAA-95D3-77841A377B77}.Release|Any CPU.ActiveCfg = Release|Any CPU
		{E0556941-10E0-4BAA-95D3-77841A377B77}.Release|Any CPU.Build.0 = Release|Any CPU
		{2E241EA0-A362-440E-B3EF-53A752276DA3}.Debug|Any CPU.ActiveCfg = Debug|Any CPU
		{2E241EA0-A362-440E-B3EF-53A752276DA3}.Debug|Any CPU.Build.0 = Debug|Any CPU
		{2E241EA0-A362-440E-B3EF-53A752276DA3}.Release|Any CPU.ActiveCfg = Release|Any CPU
		{2E241EA0-A362-440E-B3EF-53A752276DA3}.Release|Any CPU.Build.0 = Release|Any CPU
		{7B12A90C-F2C5-45B2-BA8B-B4C70F0F92BD}.Debug|Any CPU.ActiveCfg = Debug|Any CPU
		{7B12A90C-F2C5-45B2-BA8B-B4C70F0F92BD}.Debug|Any CPU.Build.0 = Debug|Any CPU
		{7B12A90C-F2C5-45B2-BA8B-B4C70F0F92BD}.Release|Any CPU.ActiveCfg = Release|Any CPU
		{7B12A90C-F2C5-45B2-BA8B-B4C70F0F92BD}.Release|Any CPU.Build.0 = Release|Any CPU
	EndGlobalSection
	GlobalSection(SolutionProperties) = preSolution
		HideSolutionNode = FALSE
	EndGlobalSection
	GlobalSection(ExtensibilityGlobals) = postSolution
		SolutionGuid = {0EB7D929-E731-4F91-8189-63B881604B6B}
	EndGlobalSection
EndGlobal
